// !$*UTF8*$!
{
	archiveVersion = 1;
	classes = {
	};
	objectVersion = 51;
	objects = {

/* Begin PBXBuildFile section */
		05CBB34932A2CBF6D8F6030B /* Pods_MOLADemoApp.framework in Frameworks */ = {isa = PBXBuildFile; fileRef = 78D022B2B14D1DE35158DA30 /* Pods_MOLADemoApp.framework */; };
		A410FCF826816D9000C85D77 /* APIProvider.swift in Sources */ = {isa = PBXBuildFile; fileRef = A410FCF526816D9000C85D77 /* APIProvider.swift */; };
		A410FCF926816D9000C85D77 /* MoyaConfig.swift in Sources */ = {isa = PBXBuildFile; fileRef = A410FCF626816D9000C85D77 /* MoyaConfig.swift */; };
		A410FCFA26816D9000C85D77 /* NetworkManager.swift in Sources */ = {isa = PBXBuildFile; fileRef = A410FCF726816D9000C85D77 /* NetworkManager.swift */; };
		A410FCFC2681713100C85D77 /* CommonModel.swift in Sources */ = {isa = PBXBuildFile; fileRef = A410FCFB2681713100C85D77 /* CommonModel.swift */; };
		A410FCFE2681B6F200C85D77 /* NewGameModel.swift in Sources */ = {isa = PBXBuildFile; fileRef = A410FCFD2681B6F200C85D77 /* NewGameModel.swift */; };
		A410FD002681B7A300C85D77 /* GameModel.swift in Sources */ = {isa = PBXBuildFile; fileRef = A410FCFF2681B7A300C85D77 /* GameModel.swift */; };
		A410FD022681DF7C00C85D77 /* DownloadButton.swift in Sources */ = {isa = PBXBuildFile; fileRef = A410FD012681DF7C00C85D77 /* DownloadButton.swift */; };
		A410FD042681F3FE00C85D77 /* RankingModel.swift in Sources */ = {isa = PBXBuildFile; fileRef = A410FD032681F3FE00C85D77 /* RankingModel.swift */; };
		A42DF9AA267A1A7B005F6EF4 /* RecommentGameModel.swift in Sources */ = {isa = PBXBuildFile; fileRef = A42DF9A9267A1A7B005F6EF4 /* RecommentGameModel.swift */; };
		A45DAAB8265FC23700B02105 /* OperationBottomView.swift in Sources */ = {isa = PBXBuildFile; fileRef = A45DAAB7265FC23700B02105 /* OperationBottomView.swift */; };
		A45DAABA2661144500B02105 /* GameCell.swift in Sources */ = {isa = PBXBuildFile; fileRef = A45DAAB92661144500B02105 /* GameCell.swift */; };
		A45EF5B726722C1C0077093C /* UserHeaderView.swift in Sources */ = {isa = PBXBuildFile; fileRef = A45EF5B626722C1C0077093C /* UserHeaderView.swift */; };
		A45EF5B9267232BC0077093C /* RillaPointsCell.swift in Sources */ = {isa = PBXBuildFile; fileRef = A45EF5B8267232BC0077093C /* RillaPointsCell.swift */; };
		A45EF5BB267239550077093C /* RillaPointsCollectionView.swift in Sources */ = {isa = PBXBuildFile; fileRef = A45EF5BA267239550077093C /* RillaPointsCollectionView.swift */; };
		A45EF5BD2678436F0077093C /* NewGameViewController.swift in Sources */ = {isa = PBXBuildFile; fileRef = A45EF5BC2678436F0077093C /* NewGameViewController.swift */; };
		A45EF5BF267843E10077093C /* NewSmallBannerTitleCell.swift in Sources */ = {isa = PBXBuildFile; fileRef = A45EF5BE267843E10077093C /* NewSmallBannerTitleCell.swift */; };
		A45EF5C1267843F30077093C /* NewBigBannerTitleCell.swift in Sources */ = {isa = PBXBuildFile; fileRef = A45EF5C0267843F30077093C /* NewBigBannerTitleCell.swift */; };
		A45EF5C3267898AD0077093C /* RankingListViewController.swift in Sources */ = {isa = PBXBuildFile; fileRef = A45EF5C2267898AD0077093C /* RankingListViewController.swift */; };
		A45EF5C5267899000077093C /* RankingListCell.swift in Sources */ = {isa = PBXBuildFile; fileRef = A45EF5C4267899000077093C /* RankingListCell.swift */; };
		A45EF5C726789A3B0077093C /* RankingTypeCollectionView.swift in Sources */ = {isa = PBXBuildFile; fileRef = A45EF5C626789A3B0077093C /* RankingTypeCollectionView.swift */; };
		A45EF5C926789B600077093C /* RankingTypeCell.swift in Sources */ = {isa = PBXBuildFile; fileRef = A45EF5C826789B600077093C /* RankingTypeCell.swift */; };
		A484707B26565C8500911559 /* Const.swift in Sources */ = {isa = PBXBuildFile; fileRef = A484707A26565C8500911559 /* Const.swift */; };
		A484707D2657CE8500911559 /* ContentBaseViewController.swift in Sources */ = {isa = PBXBuildFile; fileRef = A484707C2657CE8500911559 /* ContentBaseViewController.swift */; };
		A484707F2657CF8000911559 /* RecommentViewController.swift in Sources */ = {isa = PBXBuildFile; fileRef = A484707E2657CF8000911559 /* RecommentViewController.swift */; };
		A48470812657D50B00911559 /* GameCardCell.swift in Sources */ = {isa = PBXBuildFile; fileRef = A48470802657D50B00911559 /* GameCardCell.swift */; };
		A4847083265BE51700911559 /* BaseLabel.swift in Sources */ = {isa = PBXBuildFile; fileRef = A4847082265BE51700911559 /* BaseLabel.swift */; };
		A486CCFC26665EA800D2DEAF /* UIView+Extension.swift in Sources */ = {isa = PBXBuildFile; fileRef = A486CCFB26665EA800D2DEAF /* UIView+Extension.swift */; };
		A486CCFE26665F2400D2DEAF /* CornerBaseCell.swift in Sources */ = {isa = PBXBuildFile; fileRef = A486CCFD26665F2400D2DEAF /* CornerBaseCell.swift */; };
		A486CD0026666B7A00D2DEAF /* GameSectionHeadView.swift in Sources */ = {isa = PBXBuildFile; fileRef = A486CCFF26666B7A00D2DEAF /* GameSectionHeadView.swift */; };
		A48ABB9D2668FDFB001E82BA /* GameReplyCell.swift in Sources */ = {isa = PBXBuildFile; fileRef = A48ABB9C2668FDFB001E82BA /* GameReplyCell.swift */; };
		A48ABB9F26690162001E82BA /* ToReplyUserView.swift in Sources */ = {isa = PBXBuildFile; fileRef = A48ABB9E26690162001E82BA /* ToReplyUserView.swift */; };
		A48ABBDD266E36BC001E82BA /* PublishBottomView.swift in Sources */ = {isa = PBXBuildFile; fileRef = A48ABBDC266E36BC001E82BA /* PublishBottomView.swift */; };
		A48ABBDF266E4196001E82BA /* CommentEditViewController.swift in Sources */ = {isa = PBXBuildFile; fileRef = A48ABBDE266E4196001E82BA /* CommentEditViewController.swift */; };
		A48EEEFB265B4D5D0075C2B2 /* GameDetailViewController.swift in Sources */ = {isa = PBXBuildFile; fileRef = A48EEEFA265B4D5D0075C2B2 /* GameDetailViewController.swift */; };
		A49F9AD6265B947200A15D69 /* PagingViewController.swift in Sources */ = {isa = PBXBuildFile; fileRef = A49F9AD5265B947200A15D69 /* PagingViewController.swift */; };
		A49F9AE9265B957E00A15D69 /* JXPagingMainTableView.swift in Sources */ = {isa = PBXBuildFile; fileRef = A49F9AE0265B957E00A15D69 /* JXPagingMainTableView.swift */; };
		A49F9AEA265B957E00A15D69 /* JXPagingSmoothView.swift in Sources */ = {isa = PBXBuildFile; fileRef = A49F9AE1265B957E00A15D69 /* JXPagingSmoothView.swift */; };
		A49F9AEB265B957E00A15D69 /* JXPagingView.swift in Sources */ = {isa = PBXBuildFile; fileRef = A49F9AE2265B957E00A15D69 /* JXPagingView.swift */; };
		A49F9AEC265B957E00A15D69 /* JXPagingListRefreshView.swift in Sources */ = {isa = PBXBuildFile; fileRef = A49F9AE3265B957E00A15D69 /* JXPagingListRefreshView.swift */; };
		A49F9AED265B957E00A15D69 /* JXPagingListContainerView.swift in Sources */ = {isa = PBXBuildFile; fileRef = A49F9AE4265B957E00A15D69 /* JXPagingListContainerView.swift */; };
		A49F9AEE265B957E00A15D69 /* PagingListBaseView.swift in Sources */ = {isa = PBXBuildFile; fileRef = A49F9AE5265B957E00A15D69 /* PagingListBaseView.swift */; };
		A49F9AEF265B957E00A15D69 /* PagingListBaseCell.swift in Sources */ = {isa = PBXBuildFile; fileRef = A49F9AE6265B957E00A15D69 /* PagingListBaseCell.swift */; };
		A49F9AF0265B957E00A15D69 /* PagingViewTableHeaderView.swift in Sources */ = {isa = PBXBuildFile; fileRef = A49F9AE7265B957E00A15D69 /* PagingViewTableHeaderView.swift */; };
		A49F9AF2265E1AB300A15D69 /* GameInfoView.swift in Sources */ = {isa = PBXBuildFile; fileRef = A49F9AF1265E1AB300A15D69 /* GameInfoView.swift */; };
		A49F9AF4265E1B9B00A15D69 /* NewsInfoView.swift in Sources */ = {isa = PBXBuildFile; fileRef = A49F9AF3265E1B9B00A15D69 /* NewsInfoView.swift */; };
		A49F9AF6265E1C1300A15D69 /* FollowButton.swift in Sources */ = {isa = PBXBuildFile; fileRef = A49F9AF5265E1C1300A15D69 /* FollowButton.swift */; };
		A49F9AF8265E6A3F00A15D69 /* NewsInfoViewCell.swift in Sources */ = {isa = PBXBuildFile; fileRef = A49F9AF7265E6A3F00A15D69 /* NewsInfoViewCell.swift */; };
		A49F9AFA265E72A200A15D69 /* DynamicCell.swift in Sources */ = {isa = PBXBuildFile; fileRef = A49F9AF9265E72A200A15D69 /* DynamicCell.swift */; };
		A49F9AFC265E742900A15D69 /* UserTopView.swift in Sources */ = {isa = PBXBuildFile; fileRef = A49F9AFB265E742900A15D69 /* UserTopView.swift */; };
		A4B0F7192655310500E1D74C /* AppDelegate.swift in Sources */ = {isa = PBXBuildFile; fileRef = A4B0F7182655310500E1D74C /* AppDelegate.swift */; };
		A4B0F7222655310800E1D74C /* Assets.xcassets in Resources */ = {isa = PBXBuildFile; fileRef = A4B0F7212655310800E1D74C /* Assets.xcassets */; };
		A4B0F7252655310800E1D74C /* LaunchScreen.storyboard in Resources */ = {isa = PBXBuildFile; fileRef = A4B0F7232655310800E1D74C /* LaunchScreen.storyboard */; };
		A4B0F7512655327500E1D74C /* BaseTabbarController.swift in Sources */ = {isa = PBXBuildFile; fileRef = A4B0F7502655327500E1D74C /* BaseTabbarController.swift */; };
		A4B0F754265534B200E1D74C /* BaseViewController.swift in Sources */ = {isa = PBXBuildFile; fileRef = A4B0F753265534B200E1D74C /* BaseViewController.swift */; };
		A4B0F756265535AC00E1D74C /* BaseNavigationViewController.swift in Sources */ = {isa = PBXBuildFile; fileRef = A4B0F755265535AC00E1D74C /* BaseNavigationViewController.swift */; };
		A4B0F7582655385B00E1D74C /* UIcolor+Extension.swift in Sources */ = {isa = PBXBuildFile; fileRef = A4B0F7572655385B00E1D74C /* UIcolor+Extension.swift */; };
		A4B0F75C26553A1D00E1D74C /* GameViewController.swift in Sources */ = {isa = PBXBuildFile; fileRef = A4B0F75B26553A1D00E1D74C /* GameViewController.swift */; };
		A4B0F75E26553A3100E1D74C /* NotViewController.swift in Sources */ = {isa = PBXBuildFile; fileRef = A4B0F75D26553A3100E1D74C /* NotViewController.swift */; };
		A4B0F76026553A4200E1D74C /* SettingViewController.swift in Sources */ = {isa = PBXBuildFile; fileRef = A4B0F75F26553A4200E1D74C /* SettingViewController.swift */; };
		A4B0F76E26554CAD00E1D74C /* TabBarConfig.plist in Resources */ = {isa = PBXBuildFile; fileRef = A4B0F76D26554CAD00E1D74C /* TabBarConfig.plist */; };
		A4B0F77026554F4C00E1D74C /* BaseTabBarView.swift in Sources */ = {isa = PBXBuildFile; fileRef = A4B0F76F26554F4C00E1D74C /* BaseTabBarView.swift */; };
		A4B0F77226554F5A00E1D74C /* BaseTabBarItem.swift in Sources */ = {isa = PBXBuildFile; fileRef = A4B0F77126554F5A00E1D74C /* BaseTabBarItem.swift */; };
		A4B0F7742655579E00E1D74C /* UIImage+Extension.swift in Sources */ = {isa = PBXBuildFile; fileRef = A4B0F7732655579E00E1D74C /* UIImage+Extension.swift */; };
/* End PBXBuildFile section */

/* Begin PBXFileReference section */
		66DEA93E85B2419118B04B4E /* Pods-MOLADemoApp.debug.xcconfig */ = {isa = PBXFileReference; includeInIndex = 1; lastKnownFileType = text.xcconfig; name = "Pods-MOLADemoApp.debug.xcconfig"; path = "Target Support Files/Pods-MOLADemoApp/Pods-MOLADemoApp.debug.xcconfig"; sourceTree = "<group>"; };
		78D022B2B14D1DE35158DA30 /* Pods_MOLADemoApp.framework */ = {isa = PBXFileReference; explicitFileType = wrapper.framework; includeInIndex = 0; path = Pods_MOLADemoApp.framework; sourceTree = BUILT_PRODUCTS_DIR; };
		9C82468A7AB5889A75F7705F /* Pods-MOLADemoApp.release.xcconfig */ = {isa = PBXFileReference; includeInIndex = 1; lastKnownFileType = text.xcconfig; name = "Pods-MOLADemoApp.release.xcconfig"; path = "Target Support Files/Pods-MOLADemoApp/Pods-MOLADemoApp.release.xcconfig"; sourceTree = "<group>"; };
		A410FCF526816D9000C85D77 /* APIProvider.swift */ = {isa = PBXFileReference; fileEncoding = 4; lastKnownFileType = sourcecode.swift; path = APIProvider.swift; sourceTree = "<group>"; };
		A410FCF626816D9000C85D77 /* MoyaConfig.swift */ = {isa = PBXFileReference; fileEncoding = 4; lastKnownFileType = sourcecode.swift; path = MoyaConfig.swift; sourceTree = "<group>"; };
		A410FCF726816D9000C85D77 /* NetworkManager.swift */ = {isa = PBXFileReference; fileEncoding = 4; lastKnownFileType = sourcecode.swift; path = NetworkManager.swift; sourceTree = "<group>"; };
		A410FCFB2681713100C85D77 /* CommonModel.swift */ = {isa = PBXFileReference; lastKnownFileType = sourcecode.swift; path = CommonModel.swift; sourceTree = "<group>"; };
		A410FCFD2681B6F200C85D77 /* NewGameModel.swift */ = {isa = PBXFileReference; lastKnownFileType = sourcecode.swift; path = NewGameModel.swift; sourceTree = "<group>"; };
		A410FCFF2681B7A300C85D77 /* GameModel.swift */ = {isa = PBXFileReference; lastKnownFileType = sourcecode.swift; path = GameModel.swift; sourceTree = "<group>"; };
		A410FD012681DF7C00C85D77 /* DownloadButton.swift */ = {isa = PBXFileReference; lastKnownFileType = sourcecode.swift; path = DownloadButton.swift; sourceTree = "<group>"; };
		A410FD032681F3FE00C85D77 /* RankingModel.swift */ = {isa = PBXFileReference; lastKnownFileType = sourcecode.swift; path = RankingModel.swift; sourceTree = "<group>"; };
		A42DF9A9267A1A7B005F6EF4 /* RecommentGameModel.swift */ = {isa = PBXFileReference; lastKnownFileType = sourcecode.swift; path = RecommentGameModel.swift; sourceTree = "<group>"; };
		A42DF9AC267AF228005F6EF4 /* MOLADemoAppDebug.entitlements */ = {isa = PBXFileReference; lastKnownFileType = text.plist.entitlements; path = MOLADemoAppDebug.entitlements; sourceTree = "<group>"; };
		A45DAAB7265FC23700B02105 /* OperationBottomView.swift */ = {isa = PBXFileReference; lastKnownFileType = sourcecode.swift; path = OperationBottomView.swift; sourceTree = "<group>"; };
		A45DAAB92661144500B02105 /* GameCell.swift */ = {isa = PBXFileReference; lastKnownFileType = sourcecode.swift; path = GameCell.swift; sourceTree = "<group>"; };
		A45EF5B626722C1C0077093C /* UserHeaderView.swift */ = {isa = PBXFileReference; lastKnownFileType = sourcecode.swift; path = UserHeaderView.swift; sourceTree = "<group>"; };
		A45EF5B8267232BC0077093C /* RillaPointsCell.swift */ = {isa = PBXFileReference; lastKnownFileType = sourcecode.swift; path = RillaPointsCell.swift; sourceTree = "<group>"; };
		A45EF5BA267239550077093C /* RillaPointsCollectionView.swift */ = {isa = PBXFileReference; lastKnownFileType = sourcecode.swift; path = RillaPointsCollectionView.swift; sourceTree = "<group>"; };
		A45EF5BC2678436F0077093C /* NewGameViewController.swift */ = {isa = PBXFileReference; lastKnownFileType = sourcecode.swift; path = NewGameViewController.swift; sourceTree = "<group>"; };
		A45EF5BE267843E10077093C /* NewSmallBannerTitleCell.swift */ = {isa = PBXFileReference; lastKnownFileType = sourcecode.swift; path = NewSmallBannerTitleCell.swift; sourceTree = "<group>"; };
		A45EF5C0267843F30077093C /* NewBigBannerTitleCell.swift */ = {isa = PBXFileReference; lastKnownFileType = sourcecode.swift; path = NewBigBannerTitleCell.swift; sourceTree = "<group>"; };
		A45EF5C2267898AD0077093C /* RankingListViewController.swift */ = {isa = PBXFileReference; lastKnownFileType = sourcecode.swift; path = RankingListViewController.swift; sourceTree = "<group>"; };
		A45EF5C4267899000077093C /* RankingListCell.swift */ = {isa = PBXFileReference; lastKnownFileType = sourcecode.swift; path = RankingListCell.swift; sourceTree = "<group>"; };
		A45EF5C626789A3B0077093C /* RankingTypeCollectionView.swift */ = {isa = PBXFileReference; lastKnownFileType = sourcecode.swift; path = RankingTypeCollectionView.swift; sourceTree = "<group>"; };
		A45EF5C826789B600077093C /* RankingTypeCell.swift */ = {isa = PBXFileReference; lastKnownFileType = sourcecode.swift; path = RankingTypeCell.swift; sourceTree = "<group>"; };
		A484707A26565C8500911559 /* Const.swift */ = {isa = PBXFileReference; lastKnownFileType = sourcecode.swift; path = Const.swift; sourceTree = "<group>"; };
		A484707C2657CE8500911559 /* ContentBaseViewController.swift */ = {isa = PBXFileReference; fileEncoding = 4; lastKnownFileType = sourcecode.swift; path = ContentBaseViewController.swift; sourceTree = "<group>"; };
		A484707E2657CF8000911559 /* RecommentViewController.swift */ = {isa = PBXFileReference; lastKnownFileType = sourcecode.swift; path = RecommentViewController.swift; sourceTree = "<group>"; };
		A48470802657D50B00911559 /* GameCardCell.swift */ = {isa = PBXFileReference; lastKnownFileType = sourcecode.swift; path = GameCardCell.swift; sourceTree = "<group>"; };
		A4847082265BE51700911559 /* BaseLabel.swift */ = {isa = PBXFileReference; lastKnownFileType = sourcecode.swift; path = BaseLabel.swift; sourceTree = "<group>"; };
		A486CCFB26665EA800D2DEAF /* UIView+Extension.swift */ = {isa = PBXFileReference; lastKnownFileType = sourcecode.swift; path = "UIView+Extension.swift"; sourceTree = "<group>"; };
		A486CCFD26665F2400D2DEAF /* CornerBaseCell.swift */ = {isa = PBXFileReference; lastKnownFileType = sourcecode.swift; path = CornerBaseCell.swift; sourceTree = "<group>"; };
		A486CCFF26666B7A00D2DEAF /* GameSectionHeadView.swift */ = {isa = PBXFileReference; lastKnownFileType = sourcecode.swift; path = GameSectionHeadView.swift; sourceTree = "<group>"; };
		A48ABB9C2668FDFB001E82BA /* GameReplyCell.swift */ = {isa = PBXFileReference; lastKnownFileType = sourcecode.swift; path = GameReplyCell.swift; sourceTree = "<group>"; };
		A48ABB9E26690162001E82BA /* ToReplyUserView.swift */ = {isa = PBXFileReference; lastKnownFileType = sourcecode.swift; path = ToReplyUserView.swift; sourceTree = "<group>"; };
		A48ABBDC266E36BC001E82BA /* PublishBottomView.swift */ = {isa = PBXFileReference; lastKnownFileType = sourcecode.swift; path = PublishBottomView.swift; sourceTree = "<group>"; };
		A48ABBDE266E4196001E82BA /* CommentEditViewController.swift */ = {isa = PBXFileReference; lastKnownFileType = sourcecode.swift; path = CommentEditViewController.swift; sourceTree = "<group>"; };
		A48EEEFA265B4D5D0075C2B2 /* GameDetailViewController.swift */ = {isa = PBXFileReference; lastKnownFileType = sourcecode.swift; path = GameDetailViewController.swift; sourceTree = "<group>"; };
		A49F9AD5265B947200A15D69 /* PagingViewController.swift */ = {isa = PBXFileReference; fileEncoding = 4; lastKnownFileType = sourcecode.swift; path = PagingViewController.swift; sourceTree = "<group>"; };
		A49F9AE0265B957E00A15D69 /* JXPagingMainTableView.swift */ = {isa = PBXFileReference; fileEncoding = 4; lastKnownFileType = sourcecode.swift; path = JXPagingMainTableView.swift; sourceTree = "<group>"; };
		A49F9AE1265B957E00A15D69 /* JXPagingSmoothView.swift */ = {isa = PBXFileReference; fileEncoding = 4; lastKnownFileType = sourcecode.swift; path = JXPagingSmoothView.swift; sourceTree = "<group>"; };
		A49F9AE2265B957E00A15D69 /* JXPagingView.swift */ = {isa = PBXFileReference; fileEncoding = 4; lastKnownFileType = sourcecode.swift; path = JXPagingView.swift; sourceTree = "<group>"; };
		A49F9AE3265B957E00A15D69 /* JXPagingListRefreshView.swift */ = {isa = PBXFileReference; fileEncoding = 4; lastKnownFileType = sourcecode.swift; path = JXPagingListRefreshView.swift; sourceTree = "<group>"; };
		A49F9AE4265B957E00A15D69 /* JXPagingListContainerView.swift */ = {isa = PBXFileReference; fileEncoding = 4; lastKnownFileType = sourcecode.swift; path = JXPagingListContainerView.swift; sourceTree = "<group>"; };
		A49F9AE5265B957E00A15D69 /* PagingListBaseView.swift */ = {isa = PBXFileReference; fileEncoding = 4; lastKnownFileType = sourcecode.swift; path = PagingListBaseView.swift; sourceTree = "<group>"; };
		A49F9AE6265B957E00A15D69 /* PagingListBaseCell.swift */ = {isa = PBXFileReference; fileEncoding = 4; lastKnownFileType = sourcecode.swift; path = PagingListBaseCell.swift; sourceTree = "<group>"; };
		A49F9AE7265B957E00A15D69 /* PagingViewTableHeaderView.swift */ = {isa = PBXFileReference; fileEncoding = 4; lastKnownFileType = sourcecode.swift; path = PagingViewTableHeaderView.swift; sourceTree = "<group>"; };
		A49F9AF1265E1AB300A15D69 /* GameInfoView.swift */ = {isa = PBXFileReference; lastKnownFileType = sourcecode.swift; path = GameInfoView.swift; sourceTree = "<group>"; };
		A49F9AF3265E1B9B00A15D69 /* NewsInfoView.swift */ = {isa = PBXFileReference; lastKnownFileType = sourcecode.swift; path = NewsInfoView.swift; sourceTree = "<group>"; };
		A49F9AF5265E1C1300A15D69 /* FollowButton.swift */ = {isa = PBXFileReference; lastKnownFileType = sourcecode.swift; path = FollowButton.swift; sourceTree = "<group>"; };
		A49F9AF7265E6A3F00A15D69 /* NewsInfoViewCell.swift */ = {isa = PBXFileReference; lastKnownFileType = sourcecode.swift; path = NewsInfoViewCell.swift; sourceTree = "<group>"; };
		A49F9AF9265E72A200A15D69 /* DynamicCell.swift */ = {isa = PBXFileReference; lastKnownFileType = sourcecode.swift; path = DynamicCell.swift; sourceTree = "<group>"; };
		A49F9AFB265E742900A15D69 /* UserTopView.swift */ = {isa = PBXFileReference; lastKnownFileType = sourcecode.swift; path = UserTopView.swift; sourceTree = "<group>"; };
		A4B0F7152655310500E1D74C /* MOLADemoApp.app */ = {isa = PBXFileReference; explicitFileType = wrapper.application; includeInIndex = 0; path = MOLADemoApp.app; sourceTree = BUILT_PRODUCTS_DIR; };
		A4B0F7182655310500E1D74C /* AppDelegate.swift */ = {isa = PBXFileReference; lastKnownFileType = sourcecode.swift; path = AppDelegate.swift; sourceTree = "<group>"; };
		A4B0F7212655310800E1D74C /* Assets.xcassets */ = {isa = PBXFileReference; lastKnownFileType = folder.assetcatalog; path = Assets.xcassets; sourceTree = "<group>"; };
		A4B0F7242655310800E1D74C /* Base */ = {isa = PBXFileReference; lastKnownFileType = file.storyboard; name = Base; path = Base.lproj/LaunchScreen.storyboard; sourceTree = "<group>"; };
		A4B0F7262655310800E1D74C /* Info.plist */ = {isa = PBXFileReference; lastKnownFileType = text.plist.xml; path = Info.plist; sourceTree = "<group>"; };
		A4B0F7502655327500E1D74C /* BaseTabbarController.swift */ = {isa = PBXFileReference; lastKnownFileType = sourcecode.swift; path = BaseTabbarController.swift; sourceTree = "<group>"; };
		A4B0F753265534B200E1D74C /* BaseViewController.swift */ = {isa = PBXFileReference; lastKnownFileType = sourcecode.swift; path = BaseViewController.swift; sourceTree = "<group>"; };
		A4B0F755265535AC00E1D74C /* BaseNavigationViewController.swift */ = {isa = PBXFileReference; lastKnownFileType = sourcecode.swift; path = BaseNavigationViewController.swift; sourceTree = "<group>"; };
		A4B0F7572655385B00E1D74C /* UIcolor+Extension.swift */ = {isa = PBXFileReference; lastKnownFileType = sourcecode.swift; path = "UIcolor+Extension.swift"; sourceTree = "<group>"; };
		A4B0F75B26553A1D00E1D74C /* GameViewController.swift */ = {isa = PBXFileReference; lastKnownFileType = sourcecode.swift; path = GameViewController.swift; sourceTree = "<group>"; };
		A4B0F75D26553A3100E1D74C /* NotViewController.swift */ = {isa = PBXFileReference; lastKnownFileType = sourcecode.swift; path = NotViewController.swift; sourceTree = "<group>"; };
		A4B0F75F26553A4200E1D74C /* SettingViewController.swift */ = {isa = PBXFileReference; lastKnownFileType = sourcecode.swift; path = SettingViewController.swift; sourceTree = "<group>"; };
		A4B0F76D26554CAD00E1D74C /* TabBarConfig.plist */ = {isa = PBXFileReference; lastKnownFileType = text.plist.xml; path = TabBarConfig.plist; sourceTree = "<group>"; };
		A4B0F76F26554F4C00E1D74C /* BaseTabBarView.swift */ = {isa = PBXFileReference; lastKnownFileType = sourcecode.swift; path = BaseTabBarView.swift; sourceTree = "<group>"; };
		A4B0F77126554F5A00E1D74C /* BaseTabBarItem.swift */ = {isa = PBXFileReference; lastKnownFileType = sourcecode.swift; path = BaseTabBarItem.swift; sourceTree = "<group>"; };
		A4B0F7732655579E00E1D74C /* UIImage+Extension.swift */ = {isa = PBXFileReference; lastKnownFileType = sourcecode.swift; path = "UIImage+Extension.swift"; sourceTree = "<group>"; };
/* End PBXFileReference section */

/* Begin PBXFrameworksBuildPhase section */
		A4B0F7122655310500E1D74C /* Frameworks */ = {
			isa = PBXFrameworksBuildPhase;
			buildActionMask = 2147483647;
			files = (
				05CBB34932A2CBF6D8F6030B /* Pods_MOLADemoApp.framework in Frameworks */,
			);
			runOnlyForDeploymentPostprocessing = 0;
		};
/* End PBXFrameworksBuildPhase section */

/* Begin PBXGroup section */
		2AF1961FF6C37B55E99961B2 /* Pods */ = {
			isa = PBXGroup;
			children = (
				66DEA93E85B2419118B04B4E /* Pods-MOLADemoApp.debug.xcconfig */,
				9C82468A7AB5889A75F7705F /* Pods-MOLADemoApp.release.xcconfig */,
			);
			path = Pods;
			sourceTree = "<group>";
		};
		73EA2F7253AB926379269BFB /* Frameworks */ = {
			isa = PBXGroup;
			children = (
				78D022B2B14D1DE35158DA30 /* Pods_MOLADemoApp.framework */,
			);
			name = Frameworks;
			sourceTree = "<group>";
		};
		A410FCEE2680AFCF00C85D77 /* Network */ = {
			isa = PBXGroup;
			children = (
				A410FCF526816D9000C85D77 /* APIProvider.swift */,
				A410FCF626816D9000C85D77 /* MoyaConfig.swift */,
				A410FCF726816D9000C85D77 /* NetworkManager.swift */,
			);
			path = Network;
			sourceTree = "<group>";
		};
		A42DF9A8267A1A40005F6EF4 /* Model */ = {
			isa = PBXGroup;
			children = (
				A42DF9A9267A1A7B005F6EF4 /* RecommentGameModel.swift */,
				A410FD032681F3FE00C85D77 /* RankingModel.swift */,
				A410FCFD2681B6F200C85D77 /* NewGameModel.swift */,
				A410FCFF2681B7A300C85D77 /* GameModel.swift */,
			);
			path = Model;
			sourceTree = "<group>";
		};
		A45EF5B426722BF10077093C /* View */ = {
			isa = PBXGroup;
			children = (
				A45EF5B626722C1C0077093C /* UserHeaderView.swift */,
				A45EF5B8267232BC0077093C /* RillaPointsCell.swift */,
				A45EF5BA267239550077093C /* RillaPointsCollectionView.swift */,
			);
			path = View;
			sourceTree = "<group>";
		};
		A45EF5B526722BF70077093C /* Model */ = {
			isa = PBXGroup;
			children = (
			);
			path = Model;
			sourceTree = "<group>";
		};
		A484707926565C7500911559 /* Config */ = {
			isa = PBXGroup;
			children = (
				A484707A26565C8500911559 /* Const.swift */,
			);
			path = Config;
			sourceTree = "<group>";
		};
		A49F9ADD265B957E00A15D69 /* Personal */ = {
			isa = PBXGroup;
			children = (
				A49F9ADF265B957E00A15D69 /* JXPagingView */,
				A49F9AE5265B957E00A15D69 /* PagingListBaseView.swift */,
				A49F9AE6265B957E00A15D69 /* PagingListBaseCell.swift */,
				A49F9AE7265B957E00A15D69 /* PagingViewTableHeaderView.swift */,
			);
			path = Personal;
			sourceTree = "<group>";
		};
		A49F9ADF265B957E00A15D69 /* JXPagingView */ = {
			isa = PBXGroup;
			children = (
				A49F9AE0265B957E00A15D69 /* JXPagingMainTableView.swift */,
				A49F9AE1265B957E00A15D69 /* JXPagingSmoothView.swift */,
				A49F9AE2265B957E00A15D69 /* JXPagingView.swift */,
				A49F9AE3265B957E00A15D69 /* JXPagingListRefreshView.swift */,
				A49F9AE4265B957E00A15D69 /* JXPagingListContainerView.swift */,
			);
			path = JXPagingView;
			sourceTree = "<group>";
		};
		A4B0F70C2655310500E1D74C = {
			isa = PBXGroup;
			children = (
				A4B0F7172655310500E1D74C /* MOLADemoApp */,
				A4B0F7162655310500E1D74C /* Products */,
				2AF1961FF6C37B55E99961B2 /* Pods */,
				73EA2F7253AB926379269BFB /* Frameworks */,
			);
			sourceTree = "<group>";
		};
		A4B0F7162655310500E1D74C /* Products */ = {
			isa = PBXGroup;
			children = (
				A4B0F7152655310500E1D74C /* MOLADemoApp.app */,
			);
			name = Products;
			sourceTree = "<group>";
		};
		A4B0F7172655310500E1D74C /* MOLADemoApp */ = {
			isa = PBXGroup;
			children = (
				A42DF9AC267AF228005F6EF4 /* MOLADemoAppDebug.entitlements */,
				A4B0F7212655310800E1D74C /* Assets.xcassets */,
				A4B0F7182655310500E1D74C /* AppDelegate.swift */,
				A4B0F7232655310800E1D74C /* LaunchScreen.storyboard */,
				A484707926565C7500911559 /* Config */,
				A410FCEE2680AFCF00C85D77 /* Network */,
				A4B0F7522655349D00E1D74C /* BaseCode */,
				A4B0F74F2655326000E1D74C /* Tabbar */,
				A4B0F74D2655321300E1D74C /* Categories */,
				A4B0F74C265531F300E1D74C /* Setting */,
				A4B0F74B265531EB00E1D74C /* Notification */,
				A4B0F74A265531E400E1D74C /* Game */,
				A4B0F748265531AE00E1D74C /* Home */,
				A4B0F7262655310800E1D74C /* Info.plist */,
			);
			path = MOLADemoApp;
			sourceTree = "<group>";
		};
		A4B0F748265531AE00E1D74C /* Home */ = {
			isa = PBXGroup;
			children = (
				A42DF9A8267A1A40005F6EF4 /* Model */,
				A4B0F76C26553B8A00E1D74C /* View */,
				A4B0F76A26553B7E00E1D74C /* ViewController */,
			);
			path = Home;
			sourceTree = "<group>";
		};
		A4B0F74A265531E400E1D74C /* Game */ = {
			isa = PBXGroup;
			children = (
				A4B0F76926553B7700E1D74C /* View */,
				A4B0F76826553B4D00E1D74C /* Model */,
				A4B0F76726553B4900E1D74C /* ViewController */,
			);
			path = Game;
			sourceTree = "<group>";
		};
		A4B0F74B265531EB00E1D74C /* Notification */ = {
			isa = PBXGroup;
			children = (
				A4B0F76626553B0000E1D74C /* View */,
				A4B0F76526553AFE00E1D74C /* Model */,
				A4B0F76426553AF600E1D74C /* ViewController */,
			);
			path = Notification;
			sourceTree = "<group>";
		};
		A4B0F74C265531F300E1D74C /* Setting */ = {
			isa = PBXGroup;
			children = (
				A45EF5B526722BF70077093C /* Model */,
				A45EF5B426722BF10077093C /* View */,
				A4B0F76126553A5700E1D74C /* ViewController */,
			);
			path = Setting;
			sourceTree = "<group>";
		};
		A4B0F74D2655321300E1D74C /* Categories */ = {
			isa = PBXGroup;
			children = (
				A4B0F7572655385B00E1D74C /* UIcolor+Extension.swift */,
				A4B0F7732655579E00E1D74C /* UIImage+Extension.swift */,
				A486CCFB26665EA800D2DEAF /* UIView+Extension.swift */,
			);
			path = Categories;
			sourceTree = "<group>";
		};
		A4B0F74F2655326000E1D74C /* Tabbar */ = {
			isa = PBXGroup;
			children = (
				A4B0F7502655327500E1D74C /* BaseTabbarController.swift */,
				A4B0F76F26554F4C00E1D74C /* BaseTabBarView.swift */,
				A4B0F77126554F5A00E1D74C /* BaseTabBarItem.swift */,
				A4B0F76D26554CAD00E1D74C /* TabBarConfig.plist */,
			);
			path = Tabbar;
			sourceTree = "<group>";
		};
		A4B0F7522655349D00E1D74C /* BaseCode */ = {
			isa = PBXGroup;
			children = (
				A4B0F753265534B200E1D74C /* BaseViewController.swift */,
				A4B0F755265535AC00E1D74C /* BaseNavigationViewController.swift */,
				A4847082265BE51700911559 /* BaseLabel.swift */,
				A49F9AF5265E1C1300A15D69 /* FollowButton.swift */,
				A410FD012681DF7C00C85D77 /* DownloadButton.swift */,
				A410FCFB2681713100C85D77 /* CommonModel.swift */,
			);
			path = BaseCode;
			sourceTree = "<group>";
		};
		A4B0F76126553A5700E1D74C /* ViewController */ = {
			isa = PBXGroup;
			children = (
				A4B0F75F26553A4200E1D74C /* SettingViewController.swift */,
			);
			path = ViewController;
			sourceTree = "<group>";
		};
		A4B0F76426553AF600E1D74C /* ViewController */ = {
			isa = PBXGroup;
			children = (
				A4B0F75D26553A3100E1D74C /* NotViewController.swift */,
			);
			path = ViewController;
			sourceTree = "<group>";
		};
		A4B0F76526553AFE00E1D74C /* Model */ = {
			isa = PBXGroup;
			children = (
			);
			path = Model;
			sourceTree = "<group>";
		};
		A4B0F76626553B0000E1D74C /* View */ = {
			isa = PBXGroup;
			children = (
			);
			path = View;
			sourceTree = "<group>";
		};
		A4B0F76726553B4900E1D74C /* ViewController */ = {
			isa = PBXGroup;
			children = (
				A48EEEFA265B4D5D0075C2B2 /* GameDetailViewController.swift */,
				A49F9AD5265B947200A15D69 /* PagingViewController.swift */,
				A4B0F75B26553A1D00E1D74C /* GameViewController.swift */,
				A48ABBDE266E4196001E82BA /* CommentEditViewController.swift */,
			);
			path = ViewController;
			sourceTree = "<group>";
		};
		A4B0F76826553B4D00E1D74C /* Model */ = {
			isa = PBXGroup;
			children = (
			);
			path = Model;
			sourceTree = "<group>";
		};
		A4B0F76926553B7700E1D74C /* View */ = {
			isa = PBXGroup;
			children = (
				A49F9AF1265E1AB300A15D69 /* GameInfoView.swift */,
				A49F9AF3265E1B9B00A15D69 /* NewsInfoView.swift */,
				A49F9AF7265E6A3F00A15D69 /* NewsInfoViewCell.swift */,
				A49F9AF9265E72A200A15D69 /* DynamicCell.swift */,
				A49F9ADD265B957E00A15D69 /* Personal */,
				A45DAAB92661144500B02105 /* GameCell.swift */,
				A486CCFF26666B7A00D2DEAF /* GameSectionHeadView.swift */,
				A486CCFD26665F2400D2DEAF /* CornerBaseCell.swift */,
				A48ABB9C2668FDFB001E82BA /* GameReplyCell.swift */,
				A48ABB9E26690162001E82BA /* ToReplyUserView.swift */,
				A48ABBDC266E36BC001E82BA /* PublishBottomView.swift */,
			);
			path = View;
			sourceTree = "<group>";
		};
		A4B0F76A26553B7E00E1D74C /* ViewController */ = {
			isa = PBXGroup;
			children = (
				A484707C2657CE8500911559 /* ContentBaseViewController.swift */,
				A484707E2657CF8000911559 /* RecommentViewController.swift */,
				A45EF5BC2678436F0077093C /* NewGameViewController.swift */,
				A45EF5C2267898AD0077093C /* RankingListViewController.swift */,
			);
			path = ViewController;
			sourceTree = "<group>";
		};
		A4B0F76C26553B8A00E1D74C /* View */ = {
			isa = PBXGroup;
			children = (
				A48470802657D50B00911559 /* GameCardCell.swift */,
				A49F9AFB265E742900A15D69 /* UserTopView.swift */,
				A45EF5C4267899000077093C /* RankingListCell.swift */,
				A45EF5C626789A3B0077093C /* RankingTypeCollectionView.swift */,
				A45EF5C826789B600077093C /* RankingTypeCell.swift */,
				A45DAAB7265FC23700B02105 /* OperationBottomView.swift */,
				A45EF5BE267843E10077093C /* NewSmallBannerTitleCell.swift */,
				A45EF5C0267843F30077093C /* NewBigBannerTitleCell.swift */,
			);
			path = View;
			sourceTree = "<group>";
		};
/* End PBXGroup section */

/* Begin PBXNativeTarget section */
		A4B0F7142655310500E1D74C /* MOLADemoApp */ = {
			isa = PBXNativeTarget;
			buildConfigurationList = A4B0F73F2655310900E1D74C /* Build configuration list for PBXNativeTarget "MOLADemoApp" */;
			buildPhases = (
				6214850AA8A5BA12428033C3 /* [CP] Check Pods Manifest.lock */,
				A4B0F7112655310500E1D74C /* Sources */,
				A4B0F7122655310500E1D74C /* Frameworks */,
				A4B0F7132655310500E1D74C /* Resources */,
				561E874826BC8B0174BA3D67 /* [CP] Embed Pods Frameworks */,
			);
			buildRules = (
			);
			dependencies = (
			);
			name = MOLADemoApp;
			productName = MOLADemoApp;
			productReference = A4B0F7152655310500E1D74C /* MOLADemoApp.app */;
			productType = "com.apple.product-type.application";
		};
/* End PBXNativeTarget section */

/* Begin PBXProject section */
		A4B0F70D2655310500E1D74C /* Project object */ = {
			isa = PBXProject;
			attributes = {
				LastSwiftUpdateCheck = 1250;
				LastUpgradeCheck = 1250;
				TargetAttributes = {
					A4B0F7142655310500E1D74C = {
						CreatedOnToolsVersion = 12.5;
					};
				};
			};
			buildConfigurationList = A4B0F7102655310500E1D74C /* Build configuration list for PBXProject "MOLADemoApp" */;
			compatibilityVersion = "Xcode 9.3";
			developmentRegion = en;
			hasScannedForEncodings = 0;
			knownRegions = (
				en,
				Base,
			);
			mainGroup = A4B0F70C2655310500E1D74C;
			productRefGroup = A4B0F7162655310500E1D74C /* Products */;
			projectDirPath = "";
			projectRoot = "";
			targets = (
				A4B0F7142655310500E1D74C /* MOLADemoApp */,
			);
		};
/* End PBXProject section */

/* Begin PBXResourcesBuildPhase section */
		A4B0F7132655310500E1D74C /* Resources */ = {
			isa = PBXResourcesBuildPhase;
			buildActionMask = 2147483647;
			files = (
				A4B0F7252655310800E1D74C /* LaunchScreen.storyboard in Resources */,
				A4B0F76E26554CAD00E1D74C /* TabBarConfig.plist in Resources */,
				A4B0F7222655310800E1D74C /* Assets.xcassets in Resources */,
			);
			runOnlyForDeploymentPostprocessing = 0;
		};
/* End PBXResourcesBuildPhase section */

/* Begin PBXShellScriptBuildPhase section */
		561E874826BC8B0174BA3D67 /* [CP] Embed Pods Frameworks */ = {
			isa = PBXShellScriptBuildPhase;
			buildActionMask = 2147483647;
			files = (
			);
			inputFileListPaths = (
				"${PODS_ROOT}/Target Support Files/Pods-MOLADemoApp/Pods-MOLADemoApp-frameworks-${CONFIGURATION}-input-files.xcfilelist",
			);
			name = "[CP] Embed Pods Frameworks";
			outputFileListPaths = (
				"${PODS_ROOT}/Target Support Files/Pods-MOLADemoApp/Pods-MOLADemoApp-frameworks-${CONFIGURATION}-output-files.xcfilelist",
			);
			runOnlyForDeploymentPostprocessing = 0;
			shellPath = /bin/sh;
			shellScript = "\"${PODS_ROOT}/Target Support Files/Pods-MOLADemoApp/Pods-MOLADemoApp-frameworks.sh\"\n";
			showEnvVarsInLog = 0;
		};
		6214850AA8A5BA12428033C3 /* [CP] Check Pods Manifest.lock */ = {
			isa = PBXShellScriptBuildPhase;
			buildActionMask = 2147483647;
			files = (
			);
			inputFileListPaths = (
			);
			inputPaths = (
				"${PODS_PODFILE_DIR_PATH}/Podfile.lock",
				"${PODS_ROOT}/Manifest.lock",
			);
			name = "[CP] Check Pods Manifest.lock";
			outputFileListPaths = (
			);
			outputPaths = (
				"$(DERIVED_FILE_DIR)/Pods-MOLADemoApp-checkManifestLockResult.txt",
			);
			runOnlyForDeploymentPostprocessing = 0;
			shellPath = /bin/sh;
			shellScript = "diff \"${PODS_PODFILE_DIR_PATH}/Podfile.lock\" \"${PODS_ROOT}/Manifest.lock\" > /dev/null\nif [ $? != 0 ] ; then\n    # print error to STDERR\n    echo \"error: The sandbox is not in sync with the Podfile.lock. Run 'pod install' or update your CocoaPods installation.\" >&2\n    exit 1\nfi\n# This output is used by Xcode 'outputs' to avoid re-running this script phase.\necho \"SUCCESS\" > \"${SCRIPT_OUTPUT_FILE_0}\"\n";
			showEnvVarsInLog = 0;
		};
/* End PBXShellScriptBuildPhase section */

/* Begin PBXSourcesBuildPhase section */
		A4B0F7112655310500E1D74C /* Sources */ = {
			isa = PBXSourcesBuildPhase;
			buildActionMask = 2147483647;
			files = (
				A486CCFE26665F2400D2DEAF /* CornerBaseCell.swift in Sources */,
				A484707F2657CF8000911559 /* RecommentViewController.swift in Sources */,
				A48470812657D50B00911559 /* GameCardCell.swift in Sources */,
				A49F9AF0265B957E00A15D69 /* PagingViewTableHeaderView.swift in Sources */,
				A4B0F75C26553A1D00E1D74C /* GameViewController.swift in Sources */,
				A48EEEFB265B4D5D0075C2B2 /* GameDetailViewController.swift in Sources */,
				A49F9AF8265E6A3F00A15D69 /* NewsInfoViewCell.swift in Sources */,
				A45EF5C1267843F30077093C /* NewBigBannerTitleCell.swift in Sources */,
				A410FCF826816D9000C85D77 /* APIProvider.swift in Sources */,
				A49F9AED265B957E00A15D69 /* JXPagingListContainerView.swift in Sources */,
				A4B0F756265535AC00E1D74C /* BaseNavigationViewController.swift in Sources */,
				A4B0F75E26553A3100E1D74C /* NotViewController.swift in Sources */,
				A49F9AD6265B947200A15D69 /* PagingViewController.swift in Sources */,
				A49F9AEF265B957E00A15D69 /* PagingListBaseCell.swift in Sources */,
				A45EF5B726722C1C0077093C /* UserHeaderView.swift in Sources */,
				A4B0F7742655579E00E1D74C /* UIImage+Extension.swift in Sources */,
				A4B0F77026554F4C00E1D74C /* BaseTabBarView.swift in Sources */,
				A45EF5BD2678436F0077093C /* NewGameViewController.swift in Sources */,
				A4B0F754265534B200E1D74C /* BaseViewController.swift in Sources */,
				A4B0F7192655310500E1D74C /* AppDelegate.swift in Sources */,
				A45EF5C726789A3B0077093C /* RankingTypeCollectionView.swift in Sources */,
				A45EF5C5267899000077093C /* RankingListCell.swift in Sources */,
				A49F9AEA265B957E00A15D69 /* JXPagingSmoothView.swift in Sources */,
				A49F9AEE265B957E00A15D69 /* PagingListBaseView.swift in Sources */,
				A49F9AFA265E72A200A15D69 /* DynamicCell.swift in Sources */,
				A484707D2657CE8500911559 /* ContentBaseViewController.swift in Sources */,
				A45EF5B9267232BC0077093C /* RillaPointsCell.swift in Sources */,
				A410FCF926816D9000C85D77 /* MoyaConfig.swift in Sources */,
				A48ABBDD266E36BC001E82BA /* PublishBottomView.swift in Sources */,
				A4B0F76026553A4200E1D74C /* SettingViewController.swift in Sources */,
				A42DF9AA267A1A7B005F6EF4 /* RecommentGameModel.swift in Sources */,
				A45EF5C926789B600077093C /* RankingTypeCell.swift in Sources */,
				A45DAABA2661144500B02105 /* GameCell.swift in Sources */,
				A4B0F7512655327500E1D74C /* BaseTabbarController.swift in Sources */,
				A410FCFE2681B6F200C85D77 /* NewGameModel.swift in Sources */,
				A45DAAB8265FC23700B02105 /* OperationBottomView.swift in Sources */,
				A4847083265BE51700911559 /* BaseLabel.swift in Sources */,
				A4B0F77226554F5A00E1D74C /* BaseTabBarItem.swift in Sources */,
				A410FCFA26816D9000C85D77 /* NetworkManager.swift in Sources */,
				A410FCFC2681713100C85D77 /* CommonModel.swift in Sources */,
				A4B0F7582655385B00E1D74C /* UIcolor+Extension.swift in Sources */,
				A49F9AF2265E1AB300A15D69 /* GameInfoView.swift in Sources */,
				A486CD0026666B7A00D2DEAF /* GameSectionHeadView.swift in Sources */,
				A410FD002681B7A300C85D77 /* GameModel.swift in Sources */,
				A48ABBDF266E4196001E82BA /* CommentEditViewController.swift in Sources */,
				A45EF5BB267239550077093C /* RillaPointsCollectionView.swift in Sources */,
				A49F9AF4265E1B9B00A15D69 /* NewsInfoView.swift in Sources */,
				A49F9AFC265E742900A15D69 /* UserTopView.swift in Sources */,
				A486CCFC26665EA800D2DEAF /* UIView+Extension.swift in Sources */,
				A410FD022681DF7C00C85D77 /* DownloadButton.swift in Sources */,
				A48ABB9F26690162001E82BA /* ToReplyUserView.swift in Sources */,
				A45EF5BF267843E10077093C /* NewSmallBannerTitleCell.swift in Sources */,
				A410FD042681F3FE00C85D77 /* RankingModel.swift in Sources */,
				A49F9AE9265B957E00A15D69 /* JXPagingMainTableView.swift in Sources */,
				A48ABB9D2668FDFB001E82BA /* GameReplyCell.swift in Sources */,
				A49F9AF6265E1C1300A15D69 /* FollowButton.swift in Sources */,
				A49F9AEB265B957E00A15D69 /* JXPagingView.swift in Sources */,
				A49F9AEC265B957E00A15D69 /* JXPagingListRefreshView.swift in Sources */,
				A484707B26565C8500911559 /* Const.swift in Sources */,
				A45EF5C3267898AD0077093C /* RankingListViewController.swift in Sources */,
			);
			runOnlyForDeploymentPostprocessing = 0;
		};
/* End PBXSourcesBuildPhase section */

/* Begin PBXVariantGroup section */
		A4B0F7232655310800E1D74C /* LaunchScreen.storyboard */ = {
			isa = PBXVariantGroup;
			children = (
				A4B0F7242655310800E1D74C /* Base */,
			);
			name = LaunchScreen.storyboard;
			sourceTree = "<group>";
		};
/* End PBXVariantGroup section */

/* Begin XCBuildConfiguration section */
		A4B0F73D2655310900E1D74C /* Debug */ = {
			isa = XCBuildConfiguration;
			buildSettings = {
				ALWAYS_SEARCH_USER_PATHS = NO;
				CLANG_ANALYZER_NONNULL = YES;
				CLANG_ANALYZER_NUMBER_OBJECT_CONVERSION = YES_AGGRESSIVE;
				CLANG_CXX_LANGUAGE_STANDARD = "gnu++14";
				CLANG_CXX_LIBRARY = "libc++";
				CLANG_ENABLE_MODULES = YES;
				CLANG_ENABLE_OBJC_ARC = YES;
				CLANG_ENABLE_OBJC_WEAK = YES;
				CLANG_WARN_BLOCK_CAPTURE_AUTORELEASING = YES;
				CLANG_WARN_BOOL_CONVERSION = YES;
				CLANG_WARN_COMMA = YES;
				CLANG_WARN_CONSTANT_CONVERSION = YES;
				CLANG_WARN_DEPRECATED_OBJC_IMPLEMENTATIONS = YES;
				CLANG_WARN_DIRECT_OBJC_ISA_USAGE = YES_ERROR;
				CLANG_WARN_DOCUMENTATION_COMMENTS = YES;
				CLANG_WARN_EMPTY_BODY = YES;
				CLANG_WARN_ENUM_CONVERSION = YES;
				CLANG_WARN_INFINITE_RECURSION = YES;
				CLANG_WARN_INT_CONVERSION = YES;
				CLANG_WARN_NON_LITERAL_NULL_CONVERSION = YES;
				CLANG_WARN_OBJC_IMPLICIT_RETAIN_SELF = YES;
				CLANG_WARN_OBJC_LITERAL_CONVERSION = YES;
				CLANG_WARN_OBJC_ROOT_CLASS = YES_ERROR;
				CLANG_WARN_QUOTED_INCLUDE_IN_FRAMEWORK_HEADER = YES;
				CLANG_WARN_RANGE_LOOP_ANALYSIS = YES;
				CLANG_WARN_STRICT_PROTOTYPES = YES;
				CLANG_WARN_SUSPICIOUS_MOVE = YES;
				CLANG_WARN_UNGUARDED_AVAILABILITY = YES_AGGRESSIVE;
				CLANG_WARN_UNREACHABLE_CODE = YES;
				CLANG_WARN__DUPLICATE_METHOD_MATCH = YES;
				COPY_PHASE_STRIP = NO;
				DEBUG_INFORMATION_FORMAT = dwarf;
				DEVELOPMENT_TEAM = MZ8SP3X9CP;
				ENABLE_STRICT_OBJC_MSGSEND = YES;
				ENABLE_TESTABILITY = YES;
				GCC_C_LANGUAGE_STANDARD = gnu11;
				GCC_DYNAMIC_NO_PIC = NO;
				GCC_NO_COMMON_BLOCKS = YES;
				GCC_OPTIMIZATION_LEVEL = 0;
				GCC_PREPROCESSOR_DEFINITIONS = (
					"DEBUG=1",
					"$(inherited)",
				);
				GCC_WARN_64_TO_32_BIT_CONVERSION = YES;
				GCC_WARN_ABOUT_RETURN_TYPE = YES_ERROR;
				GCC_WARN_UNDECLARED_SELECTOR = YES;
				GCC_WARN_UNINITIALIZED_AUTOS = YES_AGGRESSIVE;
				GCC_WARN_UNUSED_FUNCTION = YES;
				GCC_WARN_UNUSED_VARIABLE = YES;
				IPHONEOS_DEPLOYMENT_TARGET = 11.0;
				MTL_ENABLE_DEBUG_INFO = INCLUDE_SOURCE;
				MTL_FAST_MATH = YES;
				ONLY_ACTIVE_ARCH = YES;
				SDKROOT = iphoneos;
				SWIFT_ACTIVE_COMPILATION_CONDITIONS = DEBUG;
				SWIFT_OPTIMIZATION_LEVEL = "-Onone";
			};
			name = Debug;
		};
		A4B0F73E2655310900E1D74C /* Release */ = {
			isa = XCBuildConfiguration;
			buildSettings = {
				ALWAYS_SEARCH_USER_PATHS = NO;
				CLANG_ANALYZER_NONNULL = YES;
				CLANG_ANALYZER_NUMBER_OBJECT_CONVERSION = YES_AGGRESSIVE;
				CLANG_CXX_LANGUAGE_STANDARD = "gnu++14";
				CLANG_CXX_LIBRARY = "libc++";
				CLANG_ENABLE_MODULES = YES;
				CLANG_ENABLE_OBJC_ARC = YES;
				CLANG_ENABLE_OBJC_WEAK = YES;
				CLANG_WARN_BLOCK_CAPTURE_AUTORELEASING = YES;
				CLANG_WARN_BOOL_CONVERSION = YES;
				CLANG_WARN_COMMA = YES;
				CLANG_WARN_CONSTANT_CONVERSION = YES;
				CLANG_WARN_DEPRECATED_OBJC_IMPLEMENTATIONS = YES;
				CLANG_WARN_DIRECT_OBJC_ISA_USAGE = YES_ERROR;
				CLANG_WARN_DOCUMENTATION_COMMENTS = YES;
				CLANG_WARN_EMPTY_BODY = YES;
				CLANG_WARN_ENUM_CONVERSION = YES;
				CLANG_WARN_INFINITE_RECURSION = YES;
				CLANG_WARN_INT_CONVERSION = YES;
				CLANG_WARN_NON_LITERAL_NULL_CONVERSION = YES;
				CLANG_WARN_OBJC_IMPLICIT_RETAIN_SELF = YES;
				CLANG_WARN_OBJC_LITERAL_CONVERSION = YES;
				CLANG_WARN_OBJC_ROOT_CLASS = YES_ERROR;
				CLANG_WARN_QUOTED_INCLUDE_IN_FRAMEWORK_HEADER = YES;
				CLANG_WARN_RANGE_LOOP_ANALYSIS = YES;
				CLANG_WARN_STRICT_PROTOTYPES = YES;
				CLANG_WARN_SUSPICIOUS_MOVE = YES;
				CLANG_WARN_UNGUARDED_AVAILABILITY = YES_AGGRESSIVE;
				CLANG_WARN_UNREACHABLE_CODE = YES;
				CLANG_WARN__DUPLICATE_METHOD_MATCH = YES;
				COPY_PHASE_STRIP = NO;
				DEBUG_INFORMATION_FORMAT = "dwarf-with-dsym";
				DEVELOPMENT_TEAM = MZ8SP3X9CP;
				ENABLE_NS_ASSERTIONS = NO;
				ENABLE_STRICT_OBJC_MSGSEND = YES;
				GCC_C_LANGUAGE_STANDARD = gnu11;
				GCC_NO_COMMON_BLOCKS = YES;
				GCC_WARN_64_TO_32_BIT_CONVERSION = YES;
				GCC_WARN_ABOUT_RETURN_TYPE = YES_ERROR;
				GCC_WARN_UNDECLARED_SELECTOR = YES;
				GCC_WARN_UNINITIALIZED_AUTOS = YES_AGGRESSIVE;
				GCC_WARN_UNUSED_FUNCTION = YES;
				GCC_WARN_UNUSED_VARIABLE = YES;
				IPHONEOS_DEPLOYMENT_TARGET = 11.0;
				MTL_ENABLE_DEBUG_INFO = NO;
				MTL_FAST_MATH = YES;
				SDKROOT = iphoneos;
				SWIFT_COMPILATION_MODE = wholemodule;
				SWIFT_OPTIMIZATION_LEVEL = "-O";
				VALIDATE_PRODUCT = YES;
			};
			name = Release;
		};
		A4B0F7402655310900E1D74C /* Debug */ = {
			isa = XCBuildConfiguration;
			baseConfigurationReference = 66DEA93E85B2419118B04B4E /* Pods-MOLADemoApp.debug.xcconfig */;
			buildSettings = {
				ASSETCATALOG_COMPILER_APPICON_NAME = AppIcon;
				ASSETCATALOG_COMPILER_GLOBAL_ACCENT_COLOR_NAME = AccentColor;
				CODE_SIGN_ENTITLEMENTS = MOLADemoApp/MOLADemoAppDebug.entitlements;
				CODE_SIGN_STYLE = Automatic;
				CURRENT_PROJECT_VERSION = 1.2;
				DEVELOPMENT_TEAM = MZ8SP3X9CP;
				ENABLE_BITCODE = NO;
				INFOPLIST_FILE = MOLADemoApp/Info.plist;
				LD_RUNPATH_SEARCH_PATHS = (
					"$(inherited)",
					"@executable_path/Frameworks",
				);
				MARKETING_VERSION = 1.1;
				PRODUCT_BUNDLE_IDENTIFIER = com.mola.MOLADemoApp;
				PRODUCT_NAME = "$(TARGET_NAME)";
				SWIFT_VERSION = 5.0;
				TARGETED_DEVICE_FAMILY = "1,2";
			};
			name = Debug;
		};
		A4B0F7412655310900E1D74C /* Release */ = {
			isa = XCBuildConfiguration;
			baseConfigurationReference = 9C82468A7AB5889A75F7705F /* Pods-MOLADemoApp.release.xcconfig */;
			buildSettings = {
				ASSETCATALOG_COMPILER_APPICON_NAME = AppIcon;
				ASSETCATALOG_COMPILER_GLOBAL_ACCENT_COLOR_NAME = AccentColor;
				CODE_SIGN_STYLE = Automatic;
				CURRENT_PROJECT_VERSION = 1.2;
				DEVELOPMENT_TEAM = MZ8SP3X9CP;
				ENABLE_BITCODE = NO;
				INFOPLIST_FILE = MOLADemoApp/Info.plist;
				LD_RUNPATH_SEARCH_PATHS = (
					"$(inherited)",
					"@executable_path/Frameworks",
				);
				MARKETING_VERSION = 1.1;
				PRODUCT_BUNDLE_IDENTIFIER = com.mola.MOLADemoApp;
				PRODUCT_NAME = "$(TARGET_NAME)";
				SWIFT_VERSION = 5.0;
				TARGETED_DEVICE_FAMILY = "1,2";
			};
			name = Release;
		};
/* End XCBuildConfiguration section */

/* Begin XCConfigurationList section */
		A4B0F7102655310500E1D74C /* Build configuration list for PBXProject "MOLADemoApp" */ = {
			isa = XCConfigurationList;
			buildConfigurations = (
				A4B0F73D2655310900E1D74C /* Debug */,
				A4B0F73E2655310900E1D74C /* Release */,
			);
			defaultConfigurationIsVisible = 0;
			defaultConfigurationName = Release;
		};
		A4B0F73F2655310900E1D74C /* Build configuration list for PBXNativeTarget "MOLADemoApp" */ = {
			isa = XCConfigurationList;
			buildConfigurations = (
				A4B0F7402655310900E1D74C /* Debug */,
				A4B0F7412655310900E1D74C /* Release */,
			);
			defaultConfigurationIsVisible = 0;
			defaultConfigurationName = Release;
		};
/* End XCConfigurationList section */
	};
	rootObject = A4B0F70D2655310500E1D74C /* Project object */;
}
